// !$*UTF8*$!
{
	archiveVersion = 1;
	classes = {
	};
	objectVersion = 60;
	objects = {

/* Begin PBXBuildFile section */
		2D5A4ECF2C60481E00B0F886 /* AppDelegate.swift in Sources */ = {isa = PBXBuildFile; fileRef = 2D5A4ECE2C60481E00B0F886 /* AppDelegate.swift */; };
		2D5A4ED12C60481E00B0F886 /* SceneDelegate.swift in Sources */ = {isa = PBXBuildFile; fileRef = 2D5A4ED02C60481E00B0F886 /* SceneDelegate.swift */; };
		2D5A4ED32C60481E00B0F886 /* ViewController.swift in Sources */ = {isa = PBXBuildFile; fileRef = 2D5A4ED22C60481E00B0F886 /* ViewController.swift */; };
		2D5A4ED62C60481E00B0F886 /* Main.storyboard in Resources */ = {isa = PBXBuildFile; fileRef = 2D5A4ED42C60481E00B0F886 /* Main.storyboard */; };
		2D5A4ED82C60482000B0F886 /* Assets.xcassets in Resources */ = {isa = PBXBuildFile; fileRef = 2D5A4ED72C60482000B0F886 /* Assets.xcassets */; };
		2D5A4EDB2C60482000B0F886 /* LaunchScreen.storyboard in Resources */ = {isa = PBXBuildFile; fileRef = 2D5A4ED92C60482000B0F886 /* LaunchScreen.storyboard */; };
		2D5A4EE62C60482000B0F886 /* CommonInputControlsTests.swift in Sources */ = {isa = PBXBuildFile; fileRef = 2D5A4EE52C60482000B0F886 /* CommonInputControlsTests.swift */; };
		2D5A4EF02C60482000B0F886 /* CommonInputControlsUITests.swift in Sources */ = {isa = PBXBuildFile; fileRef = 2D5A4EEF2C60482000B0F886 /* CommonInputControlsUITests.swift */; };
		2D5A4EF22C60482000B0F886 /* CommonInputControlsUITestsLaunchTests.swift in Sources */ = {isa = PBXBuildFile; fileRef = 2D5A4EF12C60482000B0F886 /* CommonInputControlsUITestsLaunchTests.swift */; };
/* End PBXBuildFile section */

/* Begin PBXContainerItemProxy section */
		2D5A4EE22C60482000B0F886 /* PBXContainerItemProxy */ = {
			isa = PBXContainerItemProxy;
			containerPortal = 2D5A4EC32C60481D00B0F886 /* Project object */;
			proxyType = 1;
			remoteGlobalIDString = 2D5A4ECA2C60481D00B0F886;
			remoteInfo = CommonInputControls;
		};
		2D5A4EEC2C60482000B0F886 /* PBXContainerItemProxy */ = {
			isa = PBXContainerItemProxy;
			containerPortal = 2D5A4EC32C60481D00B0F886 /* Project object */;
			proxyType = 1;
			remoteGlobalIDString = 2D5A4ECA2C60481D00B0F886;
			remoteInfo = CommonInputControls;
		};
/* End PBXContainerItemProxy section */

/* Begin PBXFileReference section */
		2D5A4ECB2C60481E00B0F886 /* CommonInputControls.app */ = {isa = PBXFileReference; explicitFileType = wrapper.application; includeInIndex = 0; path = CommonInputControls.app; sourceTree = BUILT_PRODUCTS_DIR; };
		2D5A4ECE2C60481E00B0F886 /* AppDelegate.swift */ = {isa = PBXFileReference; lastKnownFileType = sourcecode.swift; path = AppDelegate.swift; sourceTree = "<group>"; };
		2D5A4ED02C60481E00B0F886 /* SceneDelegate.swift */ = {isa = PBXFileReference; lastKnownFileType = sourcecode.swift; path = SceneDelegate.swift; sourceTree = "<group>"; };
		2D5A4ED22C60481E00B0F886 /* ViewController.swift */ = {isa = PBXFileReference; lastKnownFileType = sourcecode.swift; path = ViewController.swift; sourceTree = "<group>"; };
		2D5A4ED52C60481E00B0F886 /* Base */ = {isa = PBXFileReference; lastKnownFileType = file.storyboard; name = Base; path = Base.lproj/Main.storyboard; sourceTree = "<group>"; };
		2D5A4ED72C60482000B0F886 /* Assets.xcassets */ = {isa = PBXFileReference; lastKnownFileType = folder.assetcatalog; path = Assets.xcassets; sourceTree = "<group>"; };
		2D5A4EDA2C60482000B0F886 /* Base */ = {isa = PBXFileReference; lastKnownFileType = file.storyboard; name = Base; path = Base.lproj/LaunchScreen.storyboard; sourceTree = "<group>"; };
		2D5A4EDC2C60482000B0F886 /* Info.plist */ = {isa = PBXFileReference; lastKnownFileType = text.plist.xml; path = Info.plist; sourceTree = "<group>"; };
		2D5A4EE12C60482000B0F886 /* CommonInputControlsTests.xctest */ = {isa = PBXFileReference; explicitFileType = wrapper.cfbundle; includeInIndex = 0; path = CommonInputControlsTests.xctest; sourceTree = BUILT_PRODUCTS_DIR; };
		2D5A4EE52C60482000B0F886 /* CommonInputControlsTests.swift */ = {isa = PBXFileReference; lastKnownFileType = sourcecode.swift; path = CommonInputControlsTests.swift; sourceTree = "<group>"; };
		2D5A4EEB2C60482000B0F886 /* CommonInputControlsUITests.xctest */ = {isa = PBXFileReference; explicitFileType = wrapper.cfbundle; includeInIndex = 0; path = CommonInputControlsUITests.xctest; sourceTree = BUILT_PRODUCTS_DIR; };
		2D5A4EEF2C60482000B0F886 /* CommonInputControlsUITests.swift */ = {isa = PBXFileReference; lastKnownFileType = sourcecode.swift; path = CommonInputControlsUITests.swift; sourceTree = "<group>"; };
		2D5A4EF12C60482000B0F886 /* CommonInputControlsUITestsLaunchTests.swift */ = {isa = PBXFileReference; lastKnownFileType = sourcecode.swift; path = CommonInputControlsUITestsLaunchTests.swift; sourceTree = "<group>"; };
/* End PBXFileReference section */

/* Begin PBXFrameworksBuildPhase section */
		2D5A4EC82C60481D00B0F886 /* Frameworks */ = {
			isa = PBXFrameworksBuildPhase;
			buildActionMask = 2147483647;
			files = (
			);
			runOnlyForDeploymentPostprocessing = 0;
		};
		2D5A4EDE2C60482000B0F886 /* Frameworks */ = {
			isa = PBXFrameworksBuildPhase;
			buildActionMask = 2147483647;
			files = (
			);
			runOnlyForDeploymentPostprocessing = 0;
		};
		2D5A4EE82C60482000B0F886 /* Frameworks */ = {
			isa = PBXFrameworksBuildPhase;
			buildActionMask = 2147483647;
			files = (
			);
			runOnlyForDeploymentPostprocessing = 0;
		};
/* End PBXFrameworksBuildPhase section */

/* Begin PBXGroup section */
		2D5A4EC22C60481D00B0F886 = {
			isa = PBXGroup;
			children = (
				2D5A4ECD2C60481E00B0F886 /* CommonInputControls */,
				2D5A4EE42C60482000B0F886 /* CommonInputControlsTests */,
				2D5A4EEE2C60482000B0F886 /* CommonInputControlsUITests */,
				2D5A4ECC2C60481E00B0F886 /* Products */,
			);
			sourceTree = "<group>";
		};
		2D5A4ECC2C60481E00B0F886 /* Products */ = {
			isa = PBXGroup;
			children = (
				2D5A4ECB2C60481E00B0F886 /* CommonInputControls.app */,
				2D5A4EE12C60482000B0F886 /* CommonInputControlsTests.xctest */,
				2D5A4EEB2C60482000B0F886 /* CommonInputControlsUITests.xctest */,
			);
			name = Products;
			sourceTree = "<group>";
		};
		2D5A4ECD2C60481E00B0F886 /* CommonInputControls */ = {
			isa = PBXGroup;
			children = (
				2D5A4ECE2C60481E00B0F886 /* AppDelegate.swift */,
				2D5A4ED02C60481E00B0F886 /* SceneDelegate.swift */,
				2D5A4ED22C60481E00B0F886 /* ViewController.swift */,
				2D5A4ED42C60481E00B0F886 /* Main.storyboard */,
				2D5A4ED72C60482000B0F886 /* Assets.xcassets */,
				2D5A4ED92C60482000B0F886 /* LaunchScreen.storyboard */,
				2D5A4EDC2C60482000B0F886 /* Info.plist */,
			);
			path = CommonInputControls;
			sourceTree = "<group>";
		};
		2D5A4EE42C60482000B0F886 /* CommonInputControlsTests */ = {
			isa = PBXGroup;
			children = (
				2D5A4EE52C60482000B0F886 /* CommonInputControlsTests.swift */,
			);
			path = CommonInputControlsTests;
			sourceTree = "<group>";
		};
		2D5A4EEE2C60482000B0F886 /* CommonInputControlsUITests */ = {
			isa = PBXGroup;
			children = (
				2D5A4EEF2C60482000B0F886 /* CommonInputControlsUITests.swift */,
				2D5A4EF12C60482000B0F886 /* CommonInputControlsUITestsLaunchTests.swift */,
			);
			path = CommonInputControlsUITests;
			sourceTree = "<group>";
		};
/* End PBXGroup section */

/* Begin PBXNativeTarget section */
		2D5A4ECA2C60481D00B0F886 /* CommonInputControls */ = {
			isa = PBXNativeTarget;
			buildConfigurationList = 2D5A4EF52C60482000B0F886 /* Build configuration list for PBXNativeTarget "CommonInputControls" */;
			buildPhases = (
				2D5A4EC72C60481D00B0F886 /* Sources */,
				2D5A4EC82C60481D00B0F886 /* Frameworks */,
				2D5A4EC92C60481D00B0F886 /* Resources */,
			);
			buildRules = (
			);
			dependencies = (
			);
			name = CommonInputControls;
			productName = CommonInputControls;
			productReference = 2D5A4ECB2C60481E00B0F886 /* CommonInputControls.app */;
			productType = "com.apple.product-type.application";
		};
		2D5A4EE02C60482000B0F886 /* CommonInputControlsTests */ = {
			isa = PBXNativeTarget;
			buildConfigurationList = 2D5A4EF82C60482000B0F886 /* Build configuration list for PBXNativeTarget "CommonInputControlsTests" */;
			buildPhases = (
				2D5A4EDD2C60482000B0F886 /* Sources */,
				2D5A4EDE2C60482000B0F886 /* Frameworks */,
				2D5A4EDF2C60482000B0F886 /* Resources */,
			);
			buildRules = (
			);
			dependencies = (
				2D5A4EE32C60482000B0F886 /* PBXTargetDependency */,
			);
			name = CommonInputControlsTests;
			productName = CommonInputControlsTests;
			productReference = 2D5A4EE12C60482000B0F886 /* CommonInputControlsTests.xctest */;
			productType = "com.apple.product-type.bundle.unit-test";
		};
		2D5A4EEA2C60482000B0F886 /* CommonInputControlsUITests */ = {
			isa = PBXNativeTarget;
			buildConfigurationList = 2D5A4EFB2C60482000B0F886 /* Build configuration list for PBXNativeTarget "CommonInputControlsUITests" */;
			buildPhases = (
				2D5A4EE72C60482000B0F886 /* Sources */,
				2D5A4EE82C60482000B0F886 /* Frameworks */,
				2D5A4EE92C60482000B0F886 /* Resources */,
			);
			buildRules = (
			);
			dependencies = (
				2D5A4EED2C60482000B0F886 /* PBXTargetDependency */,
			);
			name = CommonInputControlsUITests;
			productName = CommonInputControlsUITests;
			productReference = 2D5A4EEB2C60482000B0F886 /* CommonInputControlsUITests.xctest */;
			productType = "com.apple.product-type.bundle.ui-testing";
		};
/* End PBXNativeTarget section */

/* Begin PBXProject section */
		2D5A4EC32C60481D00B0F886 /* Project object */ = {
			isa = PBXProject;
			attributes = {
				BuildIndependentTargetsInParallel = 1;
				LastSwiftUpdateCheck = 1500;
				LastUpgradeCheck = 1500;
				TargetAttributes = {
					2D5A4ECA2C60481D00B0F886 = {
						CreatedOnToolsVersion = 15.0.1;
					};
					2D5A4EE02C60482000B0F886 = {
						CreatedOnToolsVersion = 15.0.1;
						TestTargetID = 2D5A4ECA2C60481D00B0F886;
					};
					2D5A4EEA2C60482000B0F886 = {
						CreatedOnToolsVersion = 15.0.1;
						TestTargetID = 2D5A4ECA2C60481D00B0F886;
					};
				};
			};
			buildConfigurationList = 2D5A4EC62C60481D00B0F886 /* Build configuration list for PBXProject "CommonInputControls" */;
			compatibilityVersion = "Xcode 15.0";
			developmentRegion = en;
			hasScannedForEncodings = 0;
			knownRegions = (
				en,
				Base,
			);
			mainGroup = 2D5A4EC22C60481D00B0F886;
			productRefGroup = 2D5A4ECC2C60481E00B0F886 /* Products */;
			projectDirPath = "";
			projectRoot = "";
			targets = (
				2D5A4ECA2C60481D00B0F886 /* CommonInputControls */,
				2D5A4EE02C60482000B0F886 /* CommonInputControlsTests */,
				2D5A4EEA2C60482000B0F886 /* CommonInputControlsUITests */,
			);
		};
/* End PBXProject section */

/* Begin PBXResourcesBuildPhase section */
		2D5A4EC92C60481D00B0F886 /* Resources */ = {
			isa = PBXResourcesBuildPhase;
			buildActionMask = 2147483647;
			files = (
				2D5A4EDB2C60482000B0F886 /* LaunchScreen.storyboard in Resources */,
				2D5A4ED82C60482000B0F886 /* Assets.xcassets in Resources */,
				2D5A4ED62C60481E00B0F886 /* Main.storyboard in Resources */,
			);
			runOnlyForDeploymentPostprocessing = 0;
		};
		2D5A4EDF2C60482000B0F886 /* Resources */ = {
			isa = PBXResourcesBuildPhase;
			buildActionMask = 2147483647;
			files = (
			);
			runOnlyForDeploymentPostprocessing = 0;
		};
		2D5A4EE92C60482000B0F886 /* Resources */ = {
			isa = PBXResourcesBuildPhase;
			buildActionMask = 2147483647;
			files = (
			);
			runOnlyForDeploymentPostprocessing = 0;
		};
/* End PBXResourcesBuildPhase section */

/* Begin PBXSourcesBuildPhase section */
		2D5A4EC72C60481D00B0F886 /* Sources */ = {
			isa = PBXSourcesBuildPhase;
			buildActionMask = 2147483647;
			files = (
				2D5A4ED32C60481E00B0F886 /* ViewController.swift in Sources */,
				2D5A4ECF2C60481E00B0F886 /* AppDelegate.swift in Sources */,
				2D5A4ED12C60481E00B0F886 /* SceneDelegate.swift in Sources */,
			);
			runOnlyForDeploymentPostprocessing = 0;
		};
		2D5A4EDD2C60482000B0F886 /* Sources */ = {
			isa = PBXSourcesBuildPhase;
			buildActionMask = 2147483647;
			files = (
				2D5A4EE62C60482000B0F886 /* CommonInputControlsTests.swift in Sources */,
			);
			runOnlyForDeploymentPostprocessing = 0;
		};
		2D5A4EE72C60482000B0F886 /* Sources */ = {
			isa = PBXSourcesBuildPhase;
			buildActionMask = 2147483647;
			files = (
				2D5A4EF22C60482000B0F886 /* CommonInputControlsUITestsLaunchTests.swift in Sources */,
				2D5A4EF02C60482000B0F886 /* CommonInputControlsUITests.swift in Sources */,
			);
			runOnlyForDeploymentPostprocessing = 0;
		};
/* End PBXSourcesBuildPhase section */

/* Begin PBXTargetDependency section */
		2D5A4EE32C60482000B0F886 /* PBXTargetDependency */ = {
			isa = PBXTargetDependency;
			target = 2D5A4ECA2C60481D00B0F886 /* CommonInputControls */;
			targetProxy = 2D5A4EE22C60482000B0F886 /* PBXContainerItemProxy */;
		};
		2D5A4EED2C60482000B0F886 /* PBXTargetDependency */ = {
			isa = PBXTargetDependency;
			target = 2D5A4ECA2C60481D00B0F886 /* CommonInputControls */;
			targetProxy = 2D5A4EEC2C60482000B0F886 /* PBXContainerItemProxy */;
		};
/* End PBXTargetDependency section */

/* Begin PBXVariantGroup section */
		2D5A4ED42C60481E00B0F886 /* Main.storyboard */ = {
			isa = PBXVariantGroup;
			children = (
				2D5A4ED52C60481E00B0F886 /* Base */,
			);
			name = Main.storyboard;
			sourceTree = "<group>";
		};
		2D5A4ED92C60482000B0F886 /* LaunchScreen.storyboard */ = {
			isa = PBXVariantGroup;
			children = (
				2D5A4EDA2C60482000B0F886 /* Base */,
			);
			name = LaunchScreen.storyboard;
			sourceTree = "<group>";
		};
/* End PBXVariantGroup section */

/* Begin XCBuildConfiguration section */
		2D5A4EF32C60482000B0F886 /* Debug */ = {
			isa = XCBuildConfiguration;
			buildSettings = {
				ALWAYS_SEARCH_USER_PATHS = NO;
				ASSETCATALOG_COMPILER_GENERATE_SWIFT_ASSET_SYMBOL_EXTENSIONS = YES;
				CLANG_ANALYZER_NONNULL = YES;
				CLANG_ANALYZER_NUMBER_OBJECT_CONVERSION = YES_AGGRESSIVE;
				CLANG_CXX_LANGUAGE_STANDARD = "gnu++20";
				CLANG_ENABLE_MODULES = YES;
				CLANG_ENABLE_OBJC_ARC = YES;
				CLANG_ENABLE_OBJC_WEAK = YES;
				CLANG_WARN_BLOCK_CAPTURE_AUTORELEASING = YES;
				CLANG_WARN_BOOL_CONVERSION = YES;
				CLANG_WARN_COMMA = YES;
				CLANG_WARN_CONSTANT_CONVERSION = YES;
				CLANG_WARN_DEPRECATED_OBJC_IMPLEMENTATIONS = YES;
				CLANG_WARN_DIRECT_OBJC_ISA_USAGE = YES_ERROR;
				CLANG_WARN_DOCUMENTATION_COMMENTS = YES;
				CLANG_WARN_EMPTY_BODY = YES;
				CLANG_WARN_ENUM_CONVERSION = YES;
				CLANG_WARN_INFINITE_RECURSION = YES;
				CLANG_WARN_INT_CONVERSION = YES;
				CLANG_WARN_NON_LITERAL_NULL_CONVERSION = YES;
				CLANG_WARN_OBJC_IMPLICIT_RETAIN_SELF = YES;
				CLANG_WARN_OBJC_LITERAL_CONVERSION = YES;
				CLANG_WARN_OBJC_ROOT_CLASS = YES_ERROR;
				CLANG_WARN_QUOTED_INCLUDE_IN_FRAMEWORK_HEADER = YES;
				CLANG_WARN_RANGE_LOOP_ANALYSIS = YES;
				CLANG_WARN_STRICT_PROTOTYPES = YES;
				CLANG_WARN_SUSPICIOUS_MOVE = YES;
				CLANG_WARN_UNGUARDED_AVAILABILITY = YES_AGGRESSIVE;
				CLANG_WARN_UNREACHABLE_CODE = YES;
				CLANG_WARN__DUPLICATE_METHOD_MATCH = YES;
				COPY_PHASE_STRIP = NO;
				DEBUG_INFORMATION_FORMAT = dwarf;
				ENABLE_STRICT_OBJC_MSGSEND = YES;
				ENABLE_TESTABILITY = YES;
				ENABLE_USER_SCRIPT_SANDBOXING = YES;
				GCC_C_LANGUAGE_STANDARD = gnu17;
				GCC_DYNAMIC_NO_PIC = NO;
				GCC_NO_COMMON_BLOCKS = YES;
				GCC_OPTIMIZATION_LEVEL = 0;
				GCC_PREPROCESSOR_DEFINITIONS = (
					"DEBUG=1",
					"$(inherited)",
				);
				GCC_WARN_64_TO_32_BIT_CONVERSION = YES;
				GCC_WARN_ABOUT_RETURN_TYPE = YES_ERROR;
				GCC_WARN_UNDECLARED_SELECTOR = YES;
				GCC_WARN_UNINITIALIZED_AUTOS = YES_AGGRESSIVE;
				GCC_WARN_UNUSED_FUNCTION = YES;
				GCC_WARN_UNUSED_VARIABLE = YES;
				IPHONEOS_DEPLOYMENT_TARGET = 17.0;
				LOCALIZATION_PREFERS_STRING_CATALOGS = YES;
				MTL_ENABLE_DEBUG_INFO = INCLUDE_SOURCE;
				MTL_FAST_MATH = YES;
				ONLY_ACTIVE_ARCH = YES;
				SDKROOT = iphoneos;
				SWIFT_ACTIVE_COMPILATION_CONDITIONS = "DEBUG $(inherited)";
				SWIFT_OPTIMIZATION_LEVEL = "-Onone";
			};
			name = Debug;
		};
		2D5A4EF42C60482000B0F886 /* Release */ = {
			isa = XCBuildConfiguration;
			buildSettings = {
				ALWAYS_SEARCH_USER_PATHS = NO;
				ASSETCATALOG_COMPILER_GENERATE_SWIFT_ASSET_SYMBOL_EXTENSIONS = YES;
				CLANG_ANALYZER_NONNULL = YES;
				CLANG_ANALYZER_NUMBER_OBJECT_CONVERSION = YES_AGGRESSIVE;
				CLANG_CXX_LANGUAGE_STANDARD = "gnu++20";
				CLANG_ENABLE_MODULES = YES;
				CLANG_ENABLE_OBJC_ARC = YES;
				CLANG_ENABLE_OBJC_WEAK = YES;
				CLANG_WARN_BLOCK_CAPTURE_AUTORELEASING = YES;
				CLANG_WARN_BOOL_CONVERSION = YES;
				CLANG_WARN_COMMA = YES;
				CLANG_WARN_CONSTANT_CONVERSION = YES;
				CLANG_WARN_DEPRECATED_OBJC_IMPLEMENTATIONS = YES;
				CLANG_WARN_DIRECT_OBJC_ISA_USAGE = YES_ERROR;
				CLANG_WARN_DOCUMENTATION_COMMENTS = YES;
				CLANG_WARN_EMPTY_BODY = YES;
				CLANG_WARN_ENUM_CONVERSION = YES;
				CLANG_WARN_INFINITE_RECURSION = YES;
				CLANG_WARN_INT_CONVERSION = YES;
				CLANG_WARN_NON_LITERAL_NULL_CONVERSION = YES;
				CLANG_WARN_OBJC_IMPLICIT_RETAIN_SELF = YES;
				CLANG_WARN_OBJC_LITERAL_CONVERSION = YES;
				CLANG_WARN_OBJC_ROOT_CLASS = YES_ERROR;
				CLANG_WARN_QUOTED_INCLUDE_IN_FRAMEWORK_HEADER = YES;
				CLANG_WARN_RANGE_LOOP_ANALYSIS = YES;
				CLANG_WARN_STRICT_PROTOTYPES = YES;
				CLANG_WARN_SUSPICIOUS_MOVE = YES;
				CLANG_WARN_UNGUARDED_AVAILABILITY = YES_AGGRESSIVE;
				CLANG_WARN_UNREACHABLE_CODE = YES;
				CLANG_WARN__DUPLICATE_METHOD_MATCH = YES;
				COPY_PHASE_STRIP = NO;
				DEBUG_INFORMATION_FORMAT = "dwarf-with-dsym";
				ENABLE_NS_ASSERTIONS = NO;
				ENABLE_STRICT_OBJC_MSGSEND = YES;
				ENABLE_USER_SCRIPT_SANDBOXING = YES;
				GCC_C_LANGUAGE_STANDARD = gnu17;
				GCC_NO_COMMON_BLOCKS = YES;
				GCC_WARN_64_TO_32_BIT_CONVERSION = YES;
				GCC_WARN_ABOUT_RETURN_TYPE = YES_ERROR;
				GCC_WARN_UNDECLARED_SELECTOR = YES;
				GCC_WARN_UNINITIALIZED_AUTOS = YES_AGGRESSIVE;
				GCC_WARN_UNUSED_FUNCTION = YES;
				GCC_WARN_UNUSED_VARIABLE = YES;
				IPHONEOS_DEPLOYMENT_TARGET = 17.0;
				LOCALIZATION_PREFERS_STRING_CATALOGS = YES;
				MTL_ENABLE_DEBUG_INFO = NO;
				MTL_FAST_MATH = YES;
				SDKROOT = iphoneos;
				SWIFT_COMPILATION_MODE = wholemodule;
				VALIDATE_PRODUCT = YES;
			};
			name = Release;
		};
		2D5A4EF62C60482000B0F886 /* Debug */ = {
			isa = XCBuildConfiguration;
			buildSettings = {
				ASSETCATALOG_COMPILER_APPICON_NAME = AppIcon;
				ASSETCATALOG_COMPILER_GLOBAL_ACCENT_COLOR_NAME = AccentColor;
				CODE_SIGN_STYLE = Automatic;
				CURRENT_PROJECT_VERSION = 1;
				DEVELOPMENT_TEAM = 62F97VQ22H;
				GENERATE_INFOPLIST_FILE = YES;
				INFOPLIST_FILE = CommonInputControls/Info.plist;
				INFOPLIST_KEY_UIApplicationSupportsIndirectInputEvents = YES;
				INFOPLIST_KEY_UILaunchStoryboardName = LaunchScreen;
				INFOPLIST_KEY_UIMainStoryboardFile = Main;
				INFOPLIST_KEY_UISupportedInterfaceOrientations_iPad = "UIInterfaceOrientationPortrait UIInterfaceOrientationPortraitUpsideDown UIInterfaceOrientationLandscapeLeft UIInterfaceOrientationLandscapeRight";
				INFOPLIST_KEY_UISupportedInterfaceOrientations_iPhone = "UIInterfaceOrientationPortrait UIInterfaceOrientationLandscapeLeft UIInterfaceOrientationLandscapeRight";
				LD_RUNPATH_SEARCH_PATHS = (
					"$(inherited)",
					"@executable_path/Frameworks",
				);
				MARKETING_VERSION = 1.0;
				PRODUCT_BUNDLE_IDENTIFIER = "Swift-program.CommonInputControls";
				PRODUCT_NAME = "$(TARGET_NAME)";
				SWIFT_EMIT_LOC_STRINGS = YES;
				SWIFT_VERSION = 5.0;
				TARGETED_DEVICE_FAMILY = "1,2";
			};
			name = Debug;
		};
		2D5A4EF72C60482000B0F886 /* Release */ = {
			isa = XCBuildConfiguration;
			buildSettings = {
				ASSETCATALOG_COMPILER_APPICON_NAME = AppIcon;
				ASSETCATALOG_COMPILER_GLOBAL_ACCENT_COLOR_NAME = AccentColor;
				CODE_SIGN_STYLE = Automatic;
				CURRENT_PROJECT_VERSION = 1;
				DEVELOPMENT_TEAM = 62F97VQ22H;
				GENERATE_INFOPLIST_FILE = YES;
				INFOPLIST_FILE = CommonInputControls/Info.plist;
				INFOPLIST_KEY_UIApplicationSupportsIndirectInputEvents = YES;
				INFOPLIST_KEY_UILaunchStoryboardName = LaunchScreen;
				INFOPLIST_KEY_UIMainStoryboardFile = Main;
				INFOPLIST_KEY_UISupportedInterfaceOrientations_iPad = "UIInterfaceOrientationPortrait UIInterfaceOrientationPortraitUpsideDown UIInterfaceOrientationLandscapeLeft UIInterfaceOrientationLandscapeRight";
				INFOPLIST_KEY_UISupportedInterfaceOrientations_iPhone = "UIInterfaceOrientationPortrait UIInterfaceOrientationLandscapeLeft UIInterfaceOrientationLandscapeRight";
				LD_RUNPATH_SEARCH_PATHS = (
					"$(inherited)",
					"@executable_path/Frameworks",
				);
				MARKETING_VERSION = 1.0;
				PRODUCT_BUNDLE_IDENTIFIER = "Swift-program.CommonInputControls";
				PRODUCT_NAME = "$(TARGET_NAME)";
				SWIFT_EMIT_LOC_STRINGS = YES;
				SWIFT_VERSION = 5.0;
				TARGETED_DEVICE_FAMILY = "1,2";
			};
			name = Release;
		};
		2D5A4EF92C60482000B0F886 /* Debug */ = {
			isa = XCBuildConfiguration;
			buildSettings = {
				ALWAYS_EMBED_SWIFT_STANDARD_LIBRARIES = YES;
				BUNDLE_LOADER = "$(TEST_HOST)";
				CODE_SIGN_STYLE = Automatic;
				CURRENT_PROJECT_VERSION = 1;
				DEVELOPMENT_TEAM = 62F97VQ22H;
				GENERATE_INFOPLIST_FILE = YES;
				IPHONEOS_DEPLOYMENT_TARGET = 17.0;
				MARKETING_VERSION = 1.0;
				PRODUCT_BUNDLE_IDENTIFIER = "Swift-program.CommonInputControlsTests";
				PRODUCT_NAME = "$(TARGET_NAME)";
				SWIFT_EMIT_LOC_STRINGS = NO;
				SWIFT_VERSION = 5.0;
				TARGETED_DEVICE_FAMILY = "1,2";
				TEST_HOST = "$(BUILT_PRODUCTS_DIR)/CommonInputControls.app/$(BUNDLE_EXECUTABLE_FOLDER_PATH)/CommonInputControls";
			};
			name = Debug;
		};
		2D5A4EFA2C60482000B0F886 /* Release */ = {
			isa = XCBuildConfiguration;
			buildSettings = {
				ALWAYS_EMBED_SWIFT_STANDARD_LIBRARIES = YES;
				BUNDLE_LOADER = "$(TEST_HOST)";
				CODE_SIGN_STYLE = Automatic;
				CURRENT_PROJECT_VERSION = 1;
				DEVELOPMENT_TEAM = 62F97VQ22H;
				GENERATE_INFOPLIST_FILE = YES;
				IPHONEOS_DEPLOYMENT_TARGET = 17.0;
				MARKETING_VERSION = 1.0;
				PRODUCT_BUNDLE_IDENTIFIER = "Swift-program.CommonInputControlsTests";
				PRODUCT_NAME = "$(TARGET_NAME)";
				SWIFT_EMIT_LOC_STRINGS = NO;
				SWIFT_VERSION = 5.0;
				TARGETED_DEVICE_FAMILY = "1,2";
				TEST_HOST = "$(BUILT_PRODUCTS_DIR)/CommonInputControls.app/$(BUNDLE_EXECUTABLE_FOLDER_PATH)/CommonInputControls";
			};
			name = Release;
		};
		2D5A4EFC2C60482000B0F886 /* Debug */ = {
			isa = XCBuildConfiguration;
			buildSettings = {
				ALWAYS_EMBED_SWIFT_STANDARD_LIBRARIES = YES;
				CODE_SIGN_STYLE = Automatic;
				CURRENT_PROJECT_VERSION = 1;
				DEVELOPMENT_TEAM = 62F97VQ22H;
				GENERATE_INFOPLIST_FILE = YES;
				MARKETING_VERSION = 1.0;
				PRODUCT_BUNDLE_IDENTIFIER = "Swift-program.CommonInputControlsUITests";
				PRODUCT_NAME = "$(TARGET_NAME)";
				SWIFT_EMIT_LOC_STRINGS = NO;
				SWIFT_VERSION = 5.0;
				TARGETED_DEVICE_FAMILY = "1,2";
				TEST_TARGET_NAME = CommonInputControls;
			};
			name = Debug;
		};
		2D5A4EFD2C60482000B0F886 /* Release */ = {
			isa = XCBuildConfiguration;
			buildSettings = {
				ALWAYS_EMBED_SWIFT_STANDARD_LIBRARIES = YES;
				CODE_SIGN_STYLE = Automatic;
				CURRENT_PROJECT_VERSION = 1;
				DEVELOPMENT_TEAM = 62F97VQ22H;
				GENERATE_INFOPLIST_FILE = YES;
				MARKETING_VERSION = 1.0;
				PRODUCT_BUNDLE_IDENTIFIER = "Swift-program.CommonInputControlsUITests";
				PRODUCT_NAME = "$(TARGET_NAME)";
				SWIFT_EMIT_LOC_STRINGS = NO;
				SWIFT_VERSION = 5.0;
				TARGETED_DEVICE_FAMILY = "1,2";
				TEST_TARGET_NAME = CommonInputControls;
			};
			name = Release;
		};
/* End XCBuildConfiguration section */

/* Begin XCConfigurationList section */
		2D5A4EC62C60481D00B0F886 /* Build configuration list for PBXProject "CommonInputControls" */ = {
			isa = XCConfigurationList;
			buildConfigurations = (
				2D5A4EF32C60482000B0F886 /* Debug */,
				2D5A4EF42C60482000B0F886 /* Release */,
			);
			defaultConfigurationIsVisible = 0;
			defaultConfigurationName = Release;
		};
		2D5A4EF52C60482000B0F886 /* Build configuration list for PBXNativeTarget "CommonInputControls" */ = {
			isa = XCConfigurationList;
			buildConfigurations = (
				2D5A4EF62C60482000B0F886 /* Debug */,
				2D5A4EF72C60482000B0F886 /* Release */,
			);
			defaultConfigurationIsVisible = 0;
			defaultConfigurationName = Release;
		};
		2D5A4EF82C60482000B0F886 /* Build configuration list for PBXNativeTarget "CommonInputControlsTests" */ = {
			isa = XCConfigurationList;
			buildConfigurations = (
				2D5A4EF92C60482000B0F886 /* Debug */,
				2D5A4EFA2C60482000B0F886 /* Release */,
			);
			defaultConfigurationIsVisible = 0;
			defaultConfigurationName = Release;
		};
		2D5A4EFB2C60482000B0F886 /* Build configuration list for PBXNativeTarget "CommonInputControlsUITests" */ = {
			isa = XCConfigurationList;
			buildConfigurations = (
				2D5A4EFC2C60482000B0F886 /* Debug */,
				2D5A4EFD2C60482000B0F886 /* Release */,
			);
			defaultConfigurationIsVisible = 0;
			defaultConfigurationName = Release;
		};
/* End XCConfigurationList section */
	};
	rootObject = 2D5A4EC32C60481D00B0F886 /* Project object */;
}
